
Microsoft Visual Studio Solution File, Format Version 12.00
# Visual Studio Version 16
VisualStudioVersion = 16.0.30320.27
MinimumVisualStudioVersion = 10.0.40219.1
Project("{FAE04EC0-301F-11D3-BF4B-00C04F79EFBC}") = "Web", "Web\Web.csproj", "{0854B09D-0509-48C5-8238-4616BF4DFE46}"
EndProject
Project("{FAE04EC0-301F-11D3-BF4B-00C04F79EFBC}") = "Core", "Core\Core.csproj", "{0C72527D-B853-4EFF-AAF6-7248AD387B95}"
EndProject
Project("{FAE04EC0-301F-11D3-BF4B-00C04F79EFBC}") = "Infrastructure", "Infrastructure\Infrastructure.csproj", "{2E74E733-6C39-4DD7-B4E0-8FCEFBA23402}"
EndProject
Global
	GlobalSection(SolutionConfigurationPlatforms) = preSolution
		Debug|Any CPU = Debug|Any CPU
		Release|Any CPU = Release|Any CPU
	EndGlobalSection
	GlobalSection(ProjectConfigurationPlatforms) = postSolution
		{0854B09D-0509-48C5-8238-4616BF4DFE46}.Debug|Any CPU.ActiveCfg = Debug|Any CPU
		{0854B09D-0509-48C5-8238-4616BF4DFE46}.Debug|Any CPU.Build.0 = Debug|Any CPU
		{0854B09D-0509-48C5-8238-4616BF4DFE46}.Release|Any CPU.ActiveCfg = Release|Any CPU
		{0854B09D-0509-48C5-8238-4616BF4DFE46}.Release|Any CPU.Build.0 = Release|Any CPU
		{0C72527D-B853-4EFF-AAF6-7248AD387B95}.Debug|Any CPU.ActiveCfg = Debug|Any CPU
		{0C72527D-B853-4EFF-AAF6-7248AD387B95}.Debug|Any CPU.Build.0 = Debug|Any CPU
		{0C72527D-B853-4EFF-AAF6-7248AD387B95}.Release|Any CPU.ActiveCfg = Release|Any CPU
		{0C72527D-B853-4EFF-AAF6-7248AD387B95}.Release|Any CPU.Build.0 = Release|Any CPU
		{2E74E733-6C39-4DD7-B4E0-8FCEFBA23402}.Debug|Any CPU.ActiveCfg = Debug|Any CPU
		{2E74E733-6C39-4DD7-B4E0-8FCEFBA23402}.Debug|Any CPU.Build.0 = Debug|Any CPU
		{2E74E733-6C39-4DD7-B4E0-8FCEFBA23402}.Release|Any CPU.ActiveCfg = Release|Any CPU
		{2E74E733-6C39-4DD7-B4E0-8FCEFBA23402}.Release|Any CPU.Build.0 = Release|Any CPU
	EndGlobalSection
	GlobalSection(SolutionProperties) = preSolution
		HideSolutionNode = FALSE
	EndGlobalSection
	GlobalSection(ExtensibilityGlobals) = postSolution
		SolutionGuid = {F590A48C-019C-42C4-80AF-6E3EF0B871B4}
	EndGlobalSection
EndGlobal
